
Microsoft Visual Studio Solution File, Format Version 12.00
# Visual Studio Version 16
VisualStudioVersion = 16.0.29519.87
MinimumVisualStudioVersion = 10.0.40219.1
Project("{FAE04EC0-301F-11D3-BF4B-00C04F79EFBC}") = "HW04.1_Unicode", "HW04.1_Unicode\HW04.1_Unicode.csproj", "{DF08F77D-8515-4C85-B3B0-B369AF021C67}"
EndProject
Global
	GlobalSection(SolutionConfigurationPlatforms) = preSolution
		Debug|Any CPU = Debug|Any CPU
		Release|Any CPU = Release|Any CPU
	EndGlobalSection
	GlobalSection(ProjectConfigurationPlatforms) = postSolution
		{DF08F77D-8515-4C85-B3B0-B369AF021C67}.Debug|Any CPU.ActiveCfg = Debug|Any CPU
		{DF08F77D-8515-4C85-B3B0-B369AF021C67}.Debug|Any CPU.Build.0 = Debug|Any CPU
		{DF08F77D-8515-4C85-B3B0-B369AF021C67}.Release|Any CPU.ActiveCfg = Release|Any CPU
		{DF08F77D-8515-4C85-B3B0-B369AF021C67}.Release|Any CPU.Build.0 = Release|Any CPU
	EndGlobalSection
	GlobalSection(SolutionProperties) = preSolution
		HideSolutionNode = FALSE
	EndGlobalSection
	GlobalSection(ExtensibilityGlobals) = postSolution
		SolutionGuid = {4A5ED00A-7D58-4C22-989D-08A6F6D33E0F}
	EndGlobalSection
EndGlobal
