
Microsoft Visual Studio Solution File, Format Version 12.00
# Visual Studio Version 16
VisualStudioVersion = 16.0.29519.87
MinimumVisualStudioVersion = 10.0.40219.1
Project("{FAE04EC0-301F-11D3-BF4B-00C04F79EFBC}") = "hm_06.Task1", "hm_06.Task1\hm_06.Task1.csproj", "{393766E9-0B1A-4840-ACEE-2BD858837962}"
EndProject
Global
	GlobalSection(SolutionConfigurationPlatforms) = preSolution
		Debug|Any CPU = Debug|Any CPU
		Release|Any CPU = Release|Any CPU
	EndGlobalSection
	GlobalSection(ProjectConfigurationPlatforms) = postSolution
		{393766E9-0B1A-4840-ACEE-2BD858837962}.Debug|Any CPU.ActiveCfg = Debug|Any CPU
		{393766E9-0B1A-4840-ACEE-2BD858837962}.Debug|Any CPU.Build.0 = Debug|Any CPU
		{393766E9-0B1A-4840-ACEE-2BD858837962}.Release|Any CPU.ActiveCfg = Release|Any CPU
		{393766E9-0B1A-4840-ACEE-2BD858837962}.Release|Any CPU.Build.0 = Release|Any CPU
	EndGlobalSection
	GlobalSection(SolutionProperties) = preSolution
		HideSolutionNode = FALSE
	EndGlobalSection
	GlobalSection(ExtensibilityGlobals) = postSolution
		SolutionGuid = {27203CFC-4999-4667-BC1A-E63C227850C3}
	EndGlobalSection
EndGlobal
