
Microsoft Visual Studio Solution File, Format Version 12.00
# Visual Studio Version 16
VisualStudioVersion = 16.0.29519.87
MinimumVisualStudioVersion = 10.0.40219.1
Project("{FAE04EC0-301F-11D3-BF4B-00C04F79EFBC}") = "hm_07", "hm_07\hm_07.csproj", "{B7C7BFFE-D252-4BCC-BD40-726478531F75}"
EndProject
Global
	GlobalSection(SolutionConfigurationPlatforms) = preSolution
		Debug|Any CPU = Debug|Any CPU
		Release|Any CPU = Release|Any CPU
	EndGlobalSection
	GlobalSection(ProjectConfigurationPlatforms) = postSolution
		{B7C7BFFE-D252-4BCC-BD40-726478531F75}.Debug|Any CPU.ActiveCfg = Debug|Any CPU
		{B7C7BFFE-D252-4BCC-BD40-726478531F75}.Debug|Any CPU.Build.0 = Debug|Any CPU
		{B7C7BFFE-D252-4BCC-BD40-726478531F75}.Release|Any CPU.ActiveCfg = Release|Any CPU
		{B7C7BFFE-D252-4BCC-BD40-726478531F75}.Release|Any CPU.Build.0 = Release|Any CPU
	EndGlobalSection
	GlobalSection(SolutionProperties) = preSolution
		HideSolutionNode = FALSE
	EndGlobalSection
	GlobalSection(ExtensibilityGlobals) = postSolution
		SolutionGuid = {C245AF69-2F90-4087-9A8C-E53C70738231}
	EndGlobalSection
EndGlobal
