
Microsoft Visual Studio Solution File, Format Version 12.00
# Visual Studio Version 16
VisualStudioVersion = 16.0.29709.97
MinimumVisualStudioVersion = 10.0.40219.1
Project("{FAE04EC0-301F-11D3-BF4B-00C04F79EFBC}") = "hm_09", "hm_09\hm_09.csproj", "{362FFEC3-2DCD-45FF-925B-8CB5F584F30C}"
EndProject
Global
	GlobalSection(SolutionConfigurationPlatforms) = preSolution
		Debug|Any CPU = Debug|Any CPU
		Release|Any CPU = Release|Any CPU
	EndGlobalSection
	GlobalSection(ProjectConfigurationPlatforms) = postSolution
		{362FFEC3-2DCD-45FF-925B-8CB5F584F30C}.Debug|Any CPU.ActiveCfg = Debug|Any CPU
		{362FFEC3-2DCD-45FF-925B-8CB5F584F30C}.Debug|Any CPU.Build.0 = Debug|Any CPU
		{362FFEC3-2DCD-45FF-925B-8CB5F584F30C}.Release|Any CPU.ActiveCfg = Release|Any CPU
		{362FFEC3-2DCD-45FF-925B-8CB5F584F30C}.Release|Any CPU.Build.0 = Release|Any CPU
	EndGlobalSection
	GlobalSection(SolutionProperties) = preSolution
		HideSolutionNode = FALSE
	EndGlobalSection
	GlobalSection(ExtensibilityGlobals) = postSolution
		SolutionGuid = {05C3F81D-952B-40B6-8F33-CD492AF79127}
	EndGlobalSection
EndGlobal
